
Microsoft Visual Studio Solution File, Format Version 12.00
# Visual Studio Version 17
VisualStudioVersion = 17.0.32014.148
MinimumVisualStudioVersion = 10.0.40219.1
Project("{FAE04EC0-301F-11D3-BF4B-00C04F79EFBC}") = "PruebaEFCore", "PruebaEFCore\PruebaEFCore.csproj", "{FCF0F126-A009-4CD7-977E-F864DB5F3E5C}"
EndProject
Global
	GlobalSection(SolutionConfigurationPlatforms) = preSolution
		Debug|Any CPU = Debug|Any CPU
		Release|Any CPU = Release|Any CPU
	EndGlobalSection
	GlobalSection(ProjectConfigurationPlatforms) = postSolution
		{FCF0F126-A009-4CD7-977E-F864DB5F3E5C}.Debug|Any CPU.ActiveCfg = Debug|Any CPU
		{FCF0F126-A009-4CD7-977E-F864DB5F3E5C}.Debug|Any CPU.Build.0 = Debug|Any CPU
		{FCF0F126-A009-4CD7-977E-F864DB5F3E5C}.Release|Any CPU.ActiveCfg = Release|Any CPU
		{FCF0F126-A009-4CD7-977E-F864DB5F3E5C}.Release|Any CPU.Build.0 = Release|Any CPU
	EndGlobalSection
	GlobalSection(SolutionProperties) = preSolution
		HideSolutionNode = FALSE
	EndGlobalSection
	GlobalSection(ExtensibilityGlobals) = postSolution
		SolutionGuid = {1D643357-BACD-4FC0-8FDC-D2AE635C1C2D}
	EndGlobalSection
EndGlobal
